github.com/Motmedel/jsonschema v0.0.1 h1:3x+ZtY9JMTNwAQP6aisfDdI3hGniCgOlFPREnR+FreI=
github.com/Motmedel/jsonschema v0.0.1/go.mod h1:Q9Sd9xgmMGWvxumCGhc/OioTzUfOMTEK249O/Zfrkpw=
github.com/Motmedel/utils_go v0.0.98 h1:huZo5zjb/2VwBWThcKNK5KBuxeHvUwxTwqhjhcxYO28=
github.com/Motmedel/utils_go v0.0.98/go.mod h1:3Wry5+hEGzgzLRcBdpU8uhUUSAVJB7NzILiM7i1t7g4=
github.com/Motmedel/utils_go/pkg/http/mux v0.0.38 h1:85z/zOfRHd4KngY5BR50B1hU/htsNGHNLMQgqE9LNX0=
github.com/Motmedel/utils_go/pkg/http/mux v0.0.38/go.mod h1:0iRjZDq2chQ7uQpdck7k0bqb3DhnSJaZq6DqwRladgI=
github.com/Motmedel/utils_go/pkg/http/problem_detail v1.0.2 h1:5lCtKcCT0ntZYTXILERc4AwkwDb/W50yFp57eK9uvHs=
github.com/Motmedel/utils_go/pkg/http/problem_detail v1.0.2/go.mod h1:6WyFUwTvzMQkFIf9FPBELKUwVsxtwyyc1w1rpG85QWY=
github.com/davecgh/go-spew v1.1.1 h1:vj9j/u1bqnvCEfJOwUhtlOARqs3+rkHYY13jYWTU97c=
github.com/davecgh/go-spew v1.1.1/go.mod h1:J7Y8YcW2NihsgmVo/mv3lAwl/skON4iLHjSsI+c5H38=
github.com/goccy/go-json v0.10.3 h1:KZ5WoDbxAIgm2HNbYckL0se1fHD6rz5j4ywS6ebzDqA=
github.com/goccy/go-json v0.10.3/go.mod h1:oq7eo15ShAhp70Anwd5lgX2pLfOS3QCiwU/PULtXL6M=
github.com/google/uuid v1.6.0 h1:NIvaJDMOsjHA8n1jAhLSgzrAzy1Hgr+hNrb57e+94F0=
github.com/google/uuid v1.6.0/go.mod h1:TIyPZe4MgqvfeYDBFedMoGGpEw/LqOeaOT+nhxU+yHo=
github.com/gotnospirit/makeplural v0.0.0-20180622080156-a5f48d94d976 h1:b70jEaX2iaJSPZULSUxKtm73LBfsCrMsIlYCUgNGSIs=
github.com/gotnospirit/makeplural v0.0.0-20180622080156-a5f48d94d976/go.mod h1:ZGQeOwybjD8lkCjIyJfqR5LD2wMVHJ31d6GdPxoTsWY=
github.com/gotnospirit/messageformat v0.0.0-20221001023931-dfe49f1eb092 h1:c7gcNWTSr1gtLp6PyYi3wzvFCEcHJ4YRobDgqmIgf7Q=
github.com/gotnospirit/messageformat v0.0.0-20221001023931-dfe49f1eb092/go.mod h1:ZZAN4fkkful3l1lpJwF8JbW41ZiG9TwJ2ZlqzQovBNU=
github.com/kaptinlin/go-i18n v0.1.3 h1:Zmc2sp3N3eNxAPEiyfdbZgF+QF8LZdOdZNR1gHefUe4=
github.com/kaptinlin/go-i18n v0.1.3/go.mod h1:giU+qqtzFZ2U0ksKKVuSxtIFzBLkMA/vlKTeJDyyM2c=
github.com/pelletier/go-toml/v2 v2.2.1 h1:9TA9+T8+8CUCO2+WYnDLCgrYi9+omqKXyjDtosvtEhg=
github.com/pelletier/go-toml/v2 v2.2.1/go.mod h1:1t835xjRzz80PqgE6HHgN2JOsmgYu/h4qDAS4n929Rs=
github.com/pmezard/go-difflib v1.0.0 h1:4DBwDE0NGyQoBHbLQYPwSUPoCMWR5BEzIk/f1lZbAQM=
github.com/pmezard/go-difflib v1.0.0/go.mod h1:iKH77koFhYxTK1pcRnkKkqfTogsbg7gZNVY4sRDYZ/4=
github.com/stretchr/testify v1.9.0 h1:HtqpIVDClZ4nwg75+f6Lvsy/wHu+3BoSGCbBAcpTsTg=
github.com/stretchr/testify v1.9.0/go.mod h1:r2ic/lqez/lEtzL7wO/rwa5dbSLXVDPFyf8C91i36aY=
golang.org/x/text v0.16.0 h1:a94ExnEXNtEwYLGJSIUxnWoxoRz/ZcCsV63ROupILh4=
golang.org/x/text v0.16.0/go.mod h1:GhwF1Be+LQoKShO3cGOHzqOgRrGaYc9AvblQOmPVHnI=
gopkg.in/yaml.v3 v3.0.1 h1:fxVm/GzAzEWqLHuvctI91KS9hhNmmWOoWu0XTYJS7CA=
gopkg.in/yaml.v3 v3.0.1/go.mod h1:K4uyk7z7BCEPqu6E+C64Yfv1cQ7kz7rIZviUmN+EgEM=
