github.com/Motmedel/utils_go v0.0.98 h1:huZo5zjb/2VwBWThcKNK5KBuxeHvUwxTwqhjhcxYO28=
github.com/Motmedel/utils_go v0.0.98/go.mod h1:3Wry5+hEGzgzLRcBdpU8uhUUSAVJB7NzILiM7i1t7g4=
golang.org/x/net v0.33.0 h1:74SYHlV8BIgHIFC/LrYkOGIwL19eTYXQ5wc6TBuO36I=
golang.org/x/net v0.33.0/go.mod h1:HXLR5J+9DxmrqMwG9qjGCxZ+zKXxBru04zlTvWlWuN4=
