github.com/Motmedel/utils_go v0.0.231 h1:FAjebluSMi1xCA4/7oNSdPnln2HvutVcpfSujPkEvC0=
github.com/Motmedel/utils_go v0.0.231/go.mod h1:kKm8jM7GA8M7ICIImi5etOMixRgQfnStBPjEoCMTgbg=
github.com/Motmedel/utils_go/pkg/http/mux v0.0.86 h1:y6ZTJzisAHijsQSreGitWSsnhSArQ4R0tYSnY4PUvnI=
github.com/Motmedel/utils_go/pkg/http/mux v0.0.86/go.mod h1:ZpSOORRay/kC6wU4JFGm6kVKiW5PskAVl0EqlQVIPOk=
github.com/Motmedel/utils_go/pkg/http/problem_detail v1.0.5 h1:W10vCKqxk8wwxvlXDD7+PA57RKZx/oOXp7fvQ/a09ag=
github.com/Motmedel/utils_go/pkg/http/problem_detail v1.0.5/go.mod h1:NVtWalWHHrewsfTkYjUQCaR4LqKeylOX6QOFoEadAx8=
github.com/Motmedel/utils_go/pkg/jwt v0.0.2 h1:9aROXL+XXHuEUuSHRsXblEzHP3yU1ChDJ2Z2sgoWtaU=
github.com/Motmedel/utils_go/pkg/jwt v0.0.2/go.mod h1:ZrF1QOBzw6X6aJKwGql6ARbu4J+3JnEhX/WP2fvhZRA=
github.com/golang-jwt/jwt/v5 v5.2.3 h1:kkGXqQOBSDDWRhWNXTFpqGSCMyh/PLnqUvMGJPDJDs0=
github.com/golang-jwt/jwt/v5 v5.2.3/go.mod h1:pqrtFR0X4osieyHYxtmOUWsAWrfe1Q5UVIyoH402zdk=
github.com/google/uuid v1.6.0 h1:NIvaJDMOsjHA8n1jAhLSgzrAzy1Hgr+hNrb57e+94F0=
github.com/google/uuid v1.6.0/go.mod h1:TIyPZe4MgqvfeYDBFedMoGGpEw/LqOeaOT+nhxU+yHo=
