github.com/Motmedel/utils_go v0.0.232 h1:en/2sBPM4ZoE4y2Ytx7mMipVaS6uloW+VudhL4TyBVM=
github.com/Motmedel/utils_go v0.0.232/go.mod h1:kKm8jM7GA8M7ICIImi5etOMixRgQfnStBPjEoCMTgbg=
github.com/Motmedel/utils_go/pkg/http/mux v0.0.88 h1:pDDv8tR4r/4pXKPojInbTQhpKjw3h/ltsq5mRHNyqLs=
github.com/Motmedel/utils_go/pkg/http/mux v0.0.88/go.mod h1:TXqDavK+Ssz+DtN0b63Fd0zNR1ekKJfACLSFvOkGMaA=
github.com/Motmedel/utils_go/pkg/http/problem_detail v1.0.5 h1:W10vCKqxk8wwxvlXDD7+PA57RKZx/oOXp7fvQ/a09ag=
github.com/Motmedel/utils_go/pkg/http/problem_detail v1.0.5/go.mod h1:NVtWalWHHrewsfTkYjUQCaR4LqKeylOX6QOFoEadAx8=
github.com/Motmedel/utils_go/pkg/jwt v0.0.4 h1:3/RT1dC3vGKcbU9fJadq4jWuWt4FWu33aD6PemX6VdU=
github.com/Motmedel/utils_go/pkg/jwt v0.0.4/go.mod h1:m+25QE7K8i6Wnb5CwcBFOhIWH+IZZZjEbBlpTxvayDQ=
github.com/golang-jwt/jwt/v5 v5.3.0 h1:pv4AsKCKKZuqlgs5sUmn4x8UlGa0kEVt/puTpKx9vvo=
github.com/golang-jwt/jwt/v5 v5.3.0/go.mod h1:fxCRLWMO43lRc8nhHWY6LGqRcf+1gQWArsqaEUEa5bE=
github.com/google/uuid v1.6.0 h1:NIvaJDMOsjHA8n1jAhLSgzrAzy1Hgr+hNrb57e+94F0=
github.com/google/uuid v1.6.0/go.mod h1:TIyPZe4MgqvfeYDBFedMoGGpEw/LqOeaOT+nhxU+yHo=
