github.com/Motmedel/utils_go v0.0.299 h1:NVB0PNwlgKNKQNIgN8gPGbIWmniwjectDtqliE+9TX0=
github.com/Motmedel/utils_go v0.0.299/go.mod h1:kKm8jM7GA8M7ICIImi5etOMixRgQfnStBPjEoCMTgbg=
github.com/Motmedel/utils_go/pkg/http/mux v0.0.126 h1:f/eMeK1iIsqH9wlwqYW4yikR6M4cyUFysbDoSq75Fyk=
github.com/Motmedel/utils_go/pkg/http/mux v0.0.126/go.mod h1:720ycaP/aYQLLSwAW1e9P6ZoYgKwbHCwmraP9MiwJm0=
github.com/Motmedel/utils_go/pkg/http/problem_detail v1.0.5 h1:W10vCKqxk8wwxvlXDD7+PA57RKZx/oOXp7fvQ/a09ag=
github.com/Motmedel/utils_go/pkg/http/problem_detail v1.0.5/go.mod h1:NVtWalWHHrewsfTkYjUQCaR4LqKeylOX6QOFoEadAx8=
github.com/Motmedel/utils_go/pkg/net/domain_breakdown v0.0.5 h1:57lx54tX6LbHjMNv0qGnwQB/eo7axhbDnd6rVWyWjxc=
github.com/Motmedel/utils_go/pkg/net/domain_breakdown v0.0.5/go.mod h1:sRPKDiIl1+iQ0eT9amSQKzBdFWDFXtxi32mEvBPm4BU=
github.com/altshiftab/jsonschema v0.0.5 h1:8QYG9kyBpSAbLSpynIGFwsWihvGO12dmr3LjQAs0OnQ=
github.com/altshiftab/jsonschema v0.0.5/go.mod h1:bh1O8j1bKPWWFeMJTqcflycuEtQihWqjBRyfKql76cA=
github.com/google/uuid v1.6.0 h1:NIvaJDMOsjHA8n1jAhLSgzrAzy1Hgr+hNrb57e+94F0=
github.com/google/uuid v1.6.0/go.mod h1:TIyPZe4MgqvfeYDBFedMoGGpEw/LqOeaOT+nhxU+yHo=
github.com/vphpersson/type_generation v0.0.17 h1:pIWohRJiVTORyZjridcdtsVozroyAzGeutzLCBvSkio=
github.com/vphpersson/type_generation v0.0.17/go.mod h1:Lpm4QpqO/5GJ/KZTucJeKLhDfoSOVjRtf24940t+PrY=
golang.org/x/net v0.47.0 h1:Mx+4dIFzqraBXUugkia1OOvlD6LemFo1ALMHjrXDOhY=
golang.org/x/net v0.47.0/go.mod h1:/jNxtkgq5yWUGYkaZGqo27cfGZ1c5Nen03aYrrKpVRU=
golang.org/x/text v0.31.0 h1:aC8ghyu4JhP8VojJ2lEHBnochRno1sgL6nEi9WGFGMM=
golang.org/x/text v0.31.0/go.mod h1:tKRAlv61yKIjGGHX/4tP1LTbc13YSec1pxVEWXzfoeM=
