github.com/Motmedel/utils_go v0.0.299 h1:NVB0PNwlgKNKQNIgN8gPGbIWmniwjectDtqliE+9TX0=
github.com/Motmedel/utils_go v0.0.299/go.mod h1:kKm8jM7GA8M7ICIImi5etOMixRgQfnStBPjEoCMTgbg=
github.com/altshiftab/jsonschema v0.0.3 h1:mVEVB+XK2Z3nvrnty0cmDN11dj+PHK7tbDoiLM/u9HQ=
github.com/altshiftab/jsonschema v0.0.3/go.mod h1:GHWRXH7Te9OBPwl5vRKpRRJPqiYdQpXXDBLfvJyTiLA=
github.com/vphpersson/type_generation v0.0.16 h1:WXxiHQo63PayLNKL3Za1AK1etk+j4N67jcvUyRcNR8E=
github.com/vphpersson/type_generation v0.0.16/go.mod h1:Lpm4QpqO/5GJ/KZTucJeKLhDfoSOVjRtf24940t+PrY=
golang.org/x/text v0.31.0 h1:aC8ghyu4JhP8VojJ2lEHBnochRno1sgL6nEi9WGFGMM=
golang.org/x/text v0.31.0/go.mod h1:tKRAlv61yKIjGGHX/4tP1LTbc13YSec1pxVEWXzfoeM=
