github.com/Motmedel/jsonschema v0.0.1 h1:3x+ZtY9JMTNwAQP6aisfDdI3hGniCgOlFPREnR+FreI=
github.com/Motmedel/jsonschema v0.0.1/go.mod h1:Q9Sd9xgmMGWvxumCGhc/OioTzUfOMTEK249O/Zfrkpw=
github.com/Motmedel/parsing_utils v0.0.3 h1:DUXFrhMTEK5tfYsH0PQkjzRdS/yNvEs1YJ3k4tnG/2A=
github.com/Motmedel/parsing_utils v0.0.3/go.mod h1:OhJqcl0rC5n8tdOaNuKlcAYe2yyUqodhoybdXtUn6Co=
github.com/Motmedel/utils_go v0.0.146 h1:E0nfRX85M3OLFUgU6mJ1hP6YX7MSoQkxcO+Y42sC08Q=
github.com/Motmedel/utils_go v0.0.146/go.mod h1:kKm8jM7GA8M7ICIImi5etOMixRgQfnStBPjEoCMTgbg=
github.com/Motmedel/utils_go/pkg/http/mux v0.0.47 h1:zyhcy1vnzpTDls4PbAZaTzw7jB1vGVzxnzUuppNIs+M=
github.com/Motmedel/utils_go/pkg/http/mux v0.0.47/go.mod h1:i11TjURV09bsKOq2XNnS92dEfKWFRA0rBxJMAwTpek4=
github.com/Motmedel/utils_go/pkg/http/parsing/headers v0.0.20 h1:+de5uW5UUbo2hisCwkIsVkffhEhCxestwkxjVP/vF3s=
github.com/Motmedel/utils_go/pkg/http/parsing/headers v0.0.20/go.mod h1:7CoaeFS9jmtR4Z6fWIngDXLGp3LkFCdeU7Z8THV7qwg=
github.com/Motmedel/utils_go/pkg/http/problem_detail v1.0.2 h1:5lCtKcCT0ntZYTXILERc4AwkwDb/W50yFp57eK9uvHs=
github.com/Motmedel/utils_go/pkg/http/problem_detail v1.0.2/go.mod h1:6WyFUwTvzMQkFIf9FPBELKUwVsxtwyyc1w1rpG85QWY=
github.com/davecgh/go-spew v1.1.1 h1:vj9j/u1bqnvCEfJOwUhtlOARqs3+rkHYY13jYWTU97c=
github.com/davecgh/go-spew v1.1.1/go.mod h1:J7Y8YcW2NihsgmVo/mv3lAwl/skON4iLHjSsI+c5H38=
github.com/gammazero/deque v1.0.0 h1:LTmimT8H7bXkkCy6gZX7zNLtkbz4NdS2z8LZuor3j34=
github.com/gammazero/deque v1.0.0/go.mod h1:iflpYvtGfM3U8S8j+sZEKIak3SAKYpA5/SQewgfXDKo=
github.com/goccy/go-json v0.10.3 h1:KZ5WoDbxAIgm2HNbYckL0se1fHD6rz5j4ywS6ebzDqA=
github.com/goccy/go-json v0.10.3/go.mod h1:oq7eo15ShAhp70Anwd5lgX2pLfOS3QCiwU/PULtXL6M=
github.com/google/uuid v1.6.0 h1:NIvaJDMOsjHA8n1jAhLSgzrAzy1Hgr+hNrb57e+94F0=
github.com/google/uuid v1.6.0/go.mod h1:TIyPZe4MgqvfeYDBFedMoGGpEw/LqOeaOT+nhxU+yHo=
github.com/gotnospirit/makeplural v0.0.0-20180622080156-a5f48d94d976 h1:b70jEaX2iaJSPZULSUxKtm73LBfsCrMsIlYCUgNGSIs=
github.com/gotnospirit/makeplural v0.0.0-20180622080156-a5f48d94d976/go.mod h1:ZGQeOwybjD8lkCjIyJfqR5LD2wMVHJ31d6GdPxoTsWY=
github.com/gotnospirit/messageformat v0.0.0-20221001023931-dfe49f1eb092 h1:c7gcNWTSr1gtLp6PyYi3wzvFCEcHJ4YRobDgqmIgf7Q=
github.com/gotnospirit/messageformat v0.0.0-20221001023931-dfe49f1eb092/go.mod h1:ZZAN4fkkful3l1lpJwF8JbW41ZiG9TwJ2ZlqzQovBNU=
github.com/kaptinlin/go-i18n v0.1.3 h1:Zmc2sp3N3eNxAPEiyfdbZgF+QF8LZdOdZNR1gHefUe4=
github.com/kaptinlin/go-i18n v0.1.3/go.mod h1:giU+qqtzFZ2U0ksKKVuSxtIFzBLkMA/vlKTeJDyyM2c=
github.com/pandatix/go-abnf v0.1.7 h1:/Ru0e9PWhDJbBg0dxuF6GK/+hMBt8/nvYu0ne8q9EFo=
github.com/pandatix/go-abnf v0.1.7/go.mod h1:dv/sWix/t0zGI/gmXwnDrAkpS1pGGqXfoYSwknM4uwQ=
github.com/pelletier/go-toml/v2 v2.2.1 h1:9TA9+T8+8CUCO2+WYnDLCgrYi9+omqKXyjDtosvtEhg=
github.com/pelletier/go-toml/v2 v2.2.1/go.mod h1:1t835xjRzz80PqgE6HHgN2JOsmgYu/h4qDAS4n929Rs=
github.com/pmezard/go-difflib v1.0.0 h1:4DBwDE0NGyQoBHbLQYPwSUPoCMWR5BEzIk/f1lZbAQM=
github.com/pmezard/go-difflib v1.0.0/go.mod h1:iKH77koFhYxTK1pcRnkKkqfTogsbg7gZNVY4sRDYZ/4=
github.com/stretchr/testify v1.10.0 h1:Xv5erBjTwe/5IxqUQTdXv5kgmIvbHo3QQyRwhJsOfJA=
github.com/stretchr/testify v1.10.0/go.mod h1:r2ic/lqez/lEtzL7wO/rwa5dbSLXVDPFyf8C91i36aY=
golang.org/x/text v0.16.0 h1:a94ExnEXNtEwYLGJSIUxnWoxoRz/ZcCsV63ROupILh4=
golang.org/x/text v0.16.0/go.mod h1:GhwF1Be+LQoKShO3cGOHzqOgRrGaYc9AvblQOmPVHnI=
gopkg.in/yaml.v3 v3.0.1 h1:fxVm/GzAzEWqLHuvctI91KS9hhNmmWOoWu0XTYJS7CA=
gopkg.in/yaml.v3 v3.0.1/go.mod h1:K4uyk7z7BCEPqu6E+C64Yfv1cQ7kz7rIZviUmN+EgEM=
