github.com/Motmedel/utils_go v0.0.146 h1:E0nfRX85M3OLFUgU6mJ1hP6YX7MSoQkxcO+Y42sC08Q=
github.com/Motmedel/utils_go v0.0.146/go.mod h1:kKm8jM7GA8M7ICIImi5etOMixRgQfnStBPjEoCMTgbg=
github.com/google/uuid v1.6.0 h1:NIvaJDMOsjHA8n1jAhLSgzrAzy1Hgr+hNrb57e+94F0=
github.com/google/uuid v1.6.0/go.mod h1:TIyPZe4MgqvfeYDBFedMoGGpEw/LqOeaOT+nhxU+yHo=
