github.com/Motmedel/utils_go v0.0.216 h1:A5bjI3hwdXK1vRu6HVhMI0X5OV/OO1bhw+WjC+uTj7Q=
github.com/Motmedel/utils_go v0.0.216/go.mod h1:kKm8jM7GA8M7ICIImi5etOMixRgQfnStBPjEoCMTgbg=
github.com/google/uuid v1.6.0 h1:NIvaJDMOsjHA8n1jAhLSgzrAzy1Hgr+hNrb57e+94F0=
github.com/google/uuid v1.6.0/go.mod h1:TIyPZe4MgqvfeYDBFedMoGGpEw/LqOeaOT+nhxU+yHo=
