github.com/Motmedel/parsing_utils v0.0.1 h1:IRsuDfrBPgGoEB/MWoQ4owVIFxUUlCJuZwifiJMXDjs=
github.com/Motmedel/parsing_utils v0.0.1/go.mod h1:RPhpf/7jyAOhHkjyIMUwbszxfjXFxdw/GqBk69d7eyA=
github.com/Motmedel/utils_go v0.0.64 h1:Pdqjp/T06UlMkD4FlF6Vm9d+/6s+GnuCS+S/SvY1WRo=
github.com/Motmedel/utils_go v0.0.64/go.mod h1:3Wry5+hEGzgzLRcBdpU8uhUUSAVJB7NzILiM7i1t7g4=
github.com/Motmedel/utils_go/pkg/http/parsing/headers v0.0.11 h1:c2a9xH6ZIVN7Lz/7flKICcEKXgkT68KV+d1xlo+SZ6A=
github.com/Motmedel/utils_go/pkg/http/parsing/headers v0.0.11/go.mod h1:CrCAQCfWg+yXZ9Iaec4SYokvQmDovET4b48RU1Ltea4=
github.com/Motmedel/utils_go/pkg/http/problem_detail v1.0.2 h1:5lCtKcCT0ntZYTXILERc4AwkwDb/W50yFp57eK9uvHs=
github.com/Motmedel/utils_go/pkg/http/problem_detail v1.0.2/go.mod h1:6WyFUwTvzMQkFIf9FPBELKUwVsxtwyyc1w1rpG85QWY=
github.com/davecgh/go-spew v1.1.1 h1:vj9j/u1bqnvCEfJOwUhtlOARqs3+rkHYY13jYWTU97c=
github.com/davecgh/go-spew v1.1.1/go.mod h1:J7Y8YcW2NihsgmVo/mv3lAwl/skON4iLHjSsI+c5H38=
github.com/gammazero/deque v0.2.1 h1:qSdsbG6pgp6nL7A0+K/B7s12mcCY/5l5SIUpMOl+dC0=
github.com/gammazero/deque v0.2.1/go.mod h1:LFroj8x4cMYCukHJDbxFCkT+r9AndaJnFMuZDV34tuU=
github.com/google/uuid v1.6.0 h1:NIvaJDMOsjHA8n1jAhLSgzrAzy1Hgr+hNrb57e+94F0=
github.com/google/uuid v1.6.0/go.mod h1:TIyPZe4MgqvfeYDBFedMoGGpEw/LqOeaOT+nhxU+yHo=
github.com/pandatix/go-abnf v0.0.0-20240514063615-2b2629cca20a h1:Y+1F7B3prt5954sSXXNf2D/Cv8mOrx5E+sNWOdUPDeA=
github.com/pandatix/go-abnf v0.0.0-20240514063615-2b2629cca20a/go.mod h1:rnRwzJkAO+gvv5rmz4XcHSobZtK52rcD0rFnyKsMafo=
github.com/pmezard/go-difflib v1.0.0 h1:4DBwDE0NGyQoBHbLQYPwSUPoCMWR5BEzIk/f1lZbAQM=
github.com/pmezard/go-difflib v1.0.0/go.mod h1:iKH77koFhYxTK1pcRnkKkqfTogsbg7gZNVY4sRDYZ/4=
github.com/stretchr/testify v1.9.0 h1:HtqpIVDClZ4nwg75+f6Lvsy/wHu+3BoSGCbBAcpTsTg=
github.com/stretchr/testify v1.9.0/go.mod h1:r2ic/lqez/lEtzL7wO/rwa5dbSLXVDPFyf8C91i36aY=
gopkg.in/yaml.v3 v3.0.1 h1:fxVm/GzAzEWqLHuvctI91KS9hhNmmWOoWu0XTYJS7CA=
gopkg.in/yaml.v3 v3.0.1/go.mod h1:K4uyk7z7BCEPqu6E+C64Yfv1cQ7kz7rIZviUmN+EgEM=
