github.com/Motmedel/ecs_go v0.0.55 h1:Ue8iJ3k+bSV5t3z+BN/jGVG3ju7J47qbXjy1Xco7tXc=
github.com/Motmedel/ecs_go v0.0.55/go.mod h1:/GC2IyaRqkRtRPgADrCWBZ2tb/kkn9/Dw6jE73bRXyU=
github.com/Motmedel/utils_go v0.0.132 h1:Ss7sVvHi55D3PSwUBR8TzcI46IlmB8zzqZ2HB23aHxg=
github.com/Motmedel/utils_go v0.0.132/go.mod h1:3Wry5+hEGzgzLRcBdpU8uhUUSAVJB7NzILiM7i1t7g4=
github.com/Motmedel/utils_go/pkg/net/domain_breakdown v0.0.3 h1:HFzFdngiLgDTyFmT3Y4GkrzULJI6xyeG/JBlmo28Cvc=
github.com/Motmedel/utils_go/pkg/net/domain_breakdown v0.0.3/go.mod h1:Nb+ubpN7z8g1YbomQR867wwSCngDlRsqCrrJGKLZIOo=
golang.org/x/net v0.36.0 h1:vWF2fRbw4qslQsQzgFqZff+BItCvGFQqKzKIzx1rmoA=
golang.org/x/net v0.36.0/go.mod h1:bFmbeoIPfrw4sMHNhb4J9f6+tPziuGjq7Jk/38fxi1I=
